{
  "name": "go-flip",
  "version": "1.0.0",
  "lockfileVersion": 1,
  "requires": true,
  "dependencies": {
    "JSONSelect": {
      "version": "0.4.0",
      "resolved": "https://registry.npmjs.org/JSONSelect/-/JSONSelect-0.4.0.tgz",
      "integrity": "sha1-oI7cxn6z/L6Z7WMIVTRKDPKCu40="
    },
    "JSV": {
      "version": "4.0.2",
      "resolved": "https://registry.npmjs.org/JSV/-/JSV-4.0.2.tgz",
      "integrity": "sha1-0Hf2glVx+CEy+d/67Vh7QCn+/1c="
    },
    "amdefine": {
      "version": "1.0.1",
      "resolved": "https://registry.npmjs.org/amdefine/-/amdefine-1.0.1.tgz",
      "integrity": "sha1-SlKCrBZHKek2Gbz9OtFR+BfOkfU=",
      "optional": true
    },
    "avdl-compiler": {
      "version": "1.3.29",
      "resolved": "https://registry.npmjs.org/avdl-compiler/-/avdl-compiler-1.3.29.tgz",
      "integrity": "sha512-hnyeV5qfR55zOlgeEU2n+R/LDbNd8d0NRdW3BlY1gLzB0lEyLOZwnebklPq6Z6bY3+YKhwbUJYH83W+Nn6WlQA==",
      "requires": {
        "avdl2json": "^2.2.4",
        "iced-error": "0.0.9",
        "iced-runtime": "^1.0.3",
        "minimist": "^1.2.0"
      }
    },
    "avdl2json": {
      "version": "2.2.4",
      "resolved": "https://registry.npmjs.org/avdl2json/-/avdl2json-2.2.4.tgz",
      "integrity": "sha1-shRD/HCfRp2HVkZC/HA6/+WqYZ4=",
      "requires": {
        "colors": "^1.1.2",
        "iced-error": "0.0.9",
        "iced-runtime": "^1.0.3",
        "iced-test": "0.0.22",
        "jison": "^0.4.17",
        "minimist": "^1.2.0"
      }
    },
    "cjson": {
      "version": "0.3.0",
      "resolved": "https://registry.npmjs.org/cjson/-/cjson-0.3.0.tgz",
      "integrity": "sha1-5kObkHA9MS/24iJAl76pLOPQKhQ=",
      "requires": {
        "jsonlint": "1.6.0"
      }
    },
    "colors": {
      "version": "1.3.3",
      "resolved": "https://registry.npmjs.org/colors/-/colors-1.3.3.tgz",
      "integrity": "sha512-mmGt/1pZqYRjMxB1axhTo16/snVZ5krrKkcmMeVKxzECMMXoCgnvTPp10QgHfcbQZw8Dq2jMNG6je4JlWU0gWg=="
    },
    "deep-equal": {
      "version": "1.0.1",
      "resolved": "https://registry.npmjs.org/deep-equal/-/deep-equal-1.0.1.tgz",
      "integrity": "sha1-9dJgKStmDghO/0zbyfCK0yR0SLU="
    },
    "ebnf-parser": {
      "version": "0.1.10",
      "resolved": "https://registry.npmjs.org/ebnf-parser/-/ebnf-parser-0.1.10.tgz",
      "integrity": "sha1-zR9rpHfFY4xAyX7ZtXLbW6tdgzE="
    },
    "escodegen": {
      "version": "1.3.3",
      "resolved": "https://registry.npmjs.org/escodegen/-/escodegen-1.3.3.tgz",
      "integrity": "sha1-8CQBb1qI4Eb9EgBQVek5gC5sXyM=",
      "requires": {
        "esprima": "~1.1.1",
        "estraverse": "~1.5.0",
        "esutils": "~1.0.0",
        "source-map": "~0.1.33"
      }
    },
    "esprima": {
      "version": "1.1.1",
      "resolved": "https://registry.npmjs.org/esprima/-/esprima-1.1.1.tgz",
      "integrity": "sha1-W28VR/TRAuZw4UDFCb5ncdautUk="
    },
    "estraverse": {
      "version": "1.5.1",
      "resolved": "https://registry.npmjs.org/estraverse/-/estraverse-1.5.1.tgz",
      "integrity": "sha1-hno+jlip+EYYr7bC3bzZFrfLr3E="
    },
    "esutils": {
      "version": "1.0.0",
      "resolved": "https://registry.npmjs.org/esutils/-/esutils-1.0.0.tgz",
      "integrity": "sha1-gVHTWOIMisx/t0XnRywAJf5JZXA="
    },
    "iced-error": {
      "version": "0.0.9",
      "resolved": "https://registry.npmjs.org/iced-error/-/iced-error-0.0.9.tgz",
      "integrity": "sha1-x8MFdhTAoYfZaz0YxtUg5rhy7Tc="
    },
    "iced-runtime": {
      "version": "1.0.3",
      "resolved": "https://registry.npmjs.org/iced-runtime/-/iced-runtime-1.0.3.tgz",
      "integrity": "sha1-LU9PuZmreqVDCxk8d6f85BGDGc4="
    },
    "iced-test": {
      "version": "0.0.22",
      "resolved": "https://registry.npmjs.org/iced-test/-/iced-test-0.0.22.tgz",
      "integrity": "sha1-YecUn0Q/5ch/9ALLwiFKQtVYrys=",
      "requires": {
        "colors": ">=0.6.2",
        "deep-equal": ">=0.2.1",
        "iced-runtime": ">=0.0.1",
        "minimist": ">=0.0.8"
      }
    },
    "jison": {
      "version": "0.4.18",
      "resolved": "https://registry.npmjs.org/jison/-/jison-0.4.18.tgz",
      "integrity": "sha512-FKkCiJvozgC7VTHhMJ00a0/IApSxhlGsFIshLW6trWJ8ONX2TQJBBz6DlcO1Gffy4w9LT+uL+PA+CVnUSJMF7w==",
      "requires": {
        "JSONSelect": "0.4.0",
        "cjson": "0.3.0",
        "ebnf-parser": "0.1.10",
        "escodegen": "1.3.x",
        "esprima": "1.1.x",
        "jison-lex": "0.3.x",
        "lex-parser": "~0.1.3",
        "nomnom": "1.5.2"
      }
    },
    "jison-lex": {
      "version": "0.3.4",
      "resolved": "https://registry.npmjs.org/jison-lex/-/jison-lex-0.3.4.tgz",
      "integrity": "sha1-gcoo2E+ESZ36jFlNzePYo/Jux6U=",
      "requires": {
        "lex-parser": "0.1.x",
        "nomnom": "1.5.2"
      }
    },
    "jsonlint": {
      "version": "1.6.0",
      "resolved": "https://registry.npmjs.org/jsonlint/-/jsonlint-1.6.0.tgz",
      "integrity": "sha1-iKpGvCiaesk7tGyuLVihh6m7SUo=",
      "requires": {
        "JSV": ">= 4.0.x",
        "nomnom": ">= 1.5.x"
      }
    },
    "lex-parser": {
      "version": "0.1.4",
      "resolved": "https://registry.npmjs.org/lex-parser/-/lex-parser-0.1.4.tgz",
      "integrity": "sha1-ZMTwJfF/1Tv7RXY/rrFvAVp0dVA="
    },
    "minimist": {
      "version": "1.2.0",
      "resolved": "https://registry.npmjs.org/minimist/-/minimist-1.2.0.tgz",
      "integrity": "sha1-o1AIsg9BOD7sH7kU9M1d95omQoQ="
    },
    "nomnom": {
      "version": "1.5.2",
      "resolved": "https://registry.npmjs.org/nomnom/-/nomnom-1.5.2.tgz",
      "integrity": "sha1-9DRUSKhTz71cDSYyDyR3qwUm/i8=",
      "requires": {
        "colors": "0.5.x",
        "underscore": "1.1.x"
      },
      "dependencies": {
        "colors": {
          "version": "0.5.1",
          "resolved": "https://registry.npmjs.org/colors/-/colors-0.5.1.tgz",
          "integrity": "sha1-fQAj6usVTo7p/Oddy5I9DtFmd3Q="
        }
      }
    },
    "source-map": {
      "version": "0.1.43",
      "resolved": "https://registry.npmjs.org/source-map/-/source-map-0.1.43.tgz",
      "integrity": "sha1-wkvBRspRfBRx9drL4lcbK3+eM0Y=",
      "optional": true,
      "requires": {
        "amdefine": ">=0.0.4"
      }
    },
    "underscore": {
      "version": "1.1.7",
      "resolved": "https://registry.npmjs.org/underscore/-/underscore-1.1.7.tgz",
      "integrity": "sha1-QLq4S60Z0jAJbo1u9ii/8FXYPbA="
    }
  }
}
