# This file is generated by running "yarn install" inside your project.
# Manual changes might be lost - proceed with caution!

__metadata:
  version: 10
  cacheKey: 10c0

"coffee-script@npm:^1.10.0, coffee-script@npm:^1.9.0":
  version: 1.12.3
  resolution: "coffee-script@npm:1.12.3"
  bin:
    cake: ./bin/cake
    coffee: ./bin/coffee
  checksum: 10c0/ce44f8bdbef1cd1f35362f9af6bcf36f661f9a15c262f435d7033bcce6fb966878d0c5a6e6fba08304caf62fa19e401a68dc6ccccb9da2ddca91fc5a95dea04b
  languageName: node
  linkType: hard

"cson-parser@npm:^1.0.6":
  version: 1.3.5
  resolution: "cson-parser@npm:1.3.5"
  dependencies:
    coffee-script: "npm:^1.10.0"
  checksum: 10c0/80b0ac2953bf2c832f3277c2f8f65752d62b5e926a1642bd34fd4aab21f08159dce90aa2d988f0cd157c82af0612d691292f76a5e32570306506415dbd560710
  languageName: node
  linkType: hard

"cson@npm:^3.0.2":
  version: 3.0.2
  resolution: "cson@npm:3.0.2"
  dependencies:
    coffee-script: "npm:^1.9.0"
    cson-parser: "npm:^1.0.6"
    extract-opts: "npm:^3.0.1"
    requirefresh: "npm:^2.0.0"
    safefs: "npm:^4.0.0"
  bin:
    cson2json: ./bin/cson2json
    json2cson: ./bin/json2cson
  checksum: 10c0/9246291576b06696cff9279b54057cb4484adb060c424385ca55950710745ae5bbfc9d96a584615ad6d6b1ccaeba3f8a22895f17ef2cf2c28bd4a58795c55e94
  languageName: node
  linkType: hard

"docopt@npm:^0.6.2":
  version: 0.6.2
  resolution: "docopt@npm:0.6.2"
  checksum: 10c0/933d3694c576fbe537452f13ddc3cc9fc93631cc481269affaebc7328a66f22adfef3b156ac1ad0433320b38c0b5f512575f624ad890a624833a3b1a7999a7ba
  languageName: node
  linkType: hard

"eachr@npm:^3.2.0":
  version: 3.2.0
  resolution: "eachr@npm:3.2.0"
  dependencies:
    editions: "npm:^1.1.1"
    typechecker: "npm:^4.3.0"
  checksum: 10c0/fbf7ba6cc63251dd51780a08c220dff517d20a7419b387814193a5aa5b0f96072fc56266d03e55a98ad2488fc68f8591015fe63fcbda00f9d795bc56975e9129
  languageName: node
  linkType: hard

"editions@npm:^1.1.1, editions@npm:^1.3.3":
  version: 1.3.3
  resolution: "editions@npm:1.3.3"
  checksum: 10c0/7b2bccda7eca6b1ca1a7c64827d8751a1eb257d1a18781d0fa8750e0c15de5d110e57ff90aaee753a0f9a6e0d151592a4aa469cc2df2e241eda5310bf1687060
  languageName: node
  linkType: hard

"extract-opts@npm:^3.0.1":
  version: 3.3.1
  resolution: "extract-opts@npm:3.3.1"
  dependencies:
    eachr: "npm:^3.2.0"
    editions: "npm:^1.1.1"
    typechecker: "npm:^4.3.0"
  checksum: 10c0/88a82a79885d3119220b37311fc42514c09235178e20d99e040c992852cd40bb344a40c7911629bda8b3a729a15afb6a4bbf02307f01cb095cdee40e742411af
  languageName: node
  linkType: hard

"graceful-fs@npm:^4.1.4":
  version: 4.1.11
  resolution: "graceful-fs@npm:4.1.11"
  checksum: 10c0/269e09e44d18b222e423ceefe9104403dd44bf3c63bf2174dd2b3c81f6a9aa318cd6921670fab40631e102269b9b15a87d88ee44fb5f32303d94cb45921bd3c9
  languageName: node
  linkType: hard

"json-stable-stringify@npm:^1.0.1":
  version: 1.0.1
  resolution: "json-stable-stringify@npm:1.0.1"
  dependencies:
    jsonify: "npm:~0.0.0"
  checksum: 10c0/3127db54f6507096645411ad9e15abd6091b8a94d675321d5c28ecefe3ddabd07a255d12f27e140dd8af3eb07198c81e4d9a29a14f1f9342546a3e94881bb4f6
  languageName: node
  linkType: hard

"jsonify@npm:~0.0.0":
  version: 0.0.0
  resolution: "jsonify@npm:0.0.0"
  checksum: 10c0/acb05782ee86a842d098e086fe07fde89c3f3b4f6c18b563b7e24ddc1e323d5c3cce10a3ed947b3b080109ad787cd370b912ba58ecca22fdb7a97d9094f95614
  languageName: node
  linkType: hard

"pvl-tools@workspace:.":
  version: 0.0.0-use.local
  resolution: "pvl-tools@workspace:."
  dependencies:
    cson: "npm:^3.0.2"
    docopt: "npm:^0.6.2"
    json-stable-stringify: "npm:^1.0.1"
  languageName: unknown
  linkType: soft

"requirefresh@npm:^2.0.0":
  version: 2.1.0
  resolution: "requirefresh@npm:2.1.0"
  dependencies:
    editions: "npm:^1.1.1"
  checksum: 10c0/b5663eb2872fc717e3ef90a51cadbb59ce7890b33eefbdadd9a01a15be812b9c35abc3cda12aa1830efcbc1fe4bde0bdd5d9f2f3ee5ab4a6652884f4056bbe7b
  languageName: node
  linkType: hard

"safefs@npm:^4.0.0":
  version: 4.1.0
  resolution: "safefs@npm:4.1.0"
  dependencies:
    editions: "npm:^1.1.1"
    graceful-fs: "npm:^4.1.4"
  checksum: 10c0/f3b01e49204aab51f3e9422073f7cb8fa10acf861b7755febc2363a2e5bf77ae67a7a3d037979249047ccc3bcbd6014b526bafc4bf7d0a3f7ebb6d787d99545d
  languageName: node
  linkType: hard

"typechecker@npm:^4.3.0":
  version: 4.4.1
  resolution: "typechecker@npm:4.4.1"
  dependencies:
    editions: "npm:^1.3.3"
  checksum: 10c0/7c370c35282d9fae5763f078c742af2e97aee70ff698d76a02eaf5f27a9da2aad2f5b3f381b4a3d6249c66b67e2b1101c331b208303add5cc070951b255e17a8
  languageName: node
  linkType: hard
