PODS:
  - AFNetworking (2.6.3):
    - AFNetworking/NSURLConnection (= 2.6.3)
    - AFNetworking/NSURLSession (= 2.6.3)
    - AFNetworking/Reachability (= 2.6.3)
    - AFNetworking/Security (= 2.6.3)
    - AFNetworking/Serialization (= 2.6.3)
    - AFNetworking/UIKit (= 2.6.3)
  - AFNetworking/NSURLConnection (2.6.3):
    - AFNetworking/Reachability
    - AFNetworking/Security
    - AFNetworking/Serialization
  - AFNetworking/NSURLSession (2.6.3):
    - AFNetworking/Reachability
    - AFNetworking/Security
    - AFNetworking/Serialization
  - AFNetworking/Reachability (2.6.3)
  - AFNetworking/Security (2.6.3)
  - AFNetworking/Serialization (2.6.3)
  - CocoaLumberjack (2.2.0):
    - CocoaLumberjack/Default (= 2.2.0)
    - CocoaLumberjack/Extensions (= 2.2.0)
  - CocoaLumberjack/Core (2.2.0)
  - CocoaLumberjack/Default (2.2.0):
    - CocoaLumberjack/Core
  - CocoaLumberjack/Extensions (2.2.0):
    - CocoaLumberjack/Default
  - GBCli (1.1)
  - GHKeychain (1.2.8)
  - GHKit (2.0.2)
  - GHODictionary (1.0.9)
  - KBKit (0.1.6):
    - AFNetworking (~> 2.0)
    - CocoaLumberjack
    - GHKeychain
    - GHKit
    - GHODictionary
    - Mantle
    - MDPSplitView
    - MPMessagePack
    - ObjectiveSugar
    - Tikppa
    - YOLayout
  - Mantle (2.0.6):
    - Mantle/extobjc (= 2.0.6)
  - Mantle/extobjc (2.0.6)
  - MDPSplitView (1.0.2)
  - MPMessagePack (1.3.5):
    - GHODictionary
  - ObjectiveSugar (1.1.0)
  - Slash (0.1.4)
  - Tikppa (0.1.1):
    - AFNetworking
    - CocoaLumberjack
    - GHKit
    - ObjectiveSugar
    - Slash
    - YOLayout
  - YOLayout (0.2.12)

DEPENDENCIES:
  - GBCli
  - KBKit (from `KBKit`)
  - MPMessagePack
  - ObjectiveSugar
  - Slash

EXTERNAL SOURCES:
  KBKit:
    :path: KBKit

SPEC CHECKSUMS:
  AFNetworking: cb8d14a848e831097108418f5d49217339d4eb60
  CocoaLumberjack: 17fe8581f84914d5d7e6360f7c70022b173c3ae0
  GBCli: e5f988fadb68e1e3c01919f134009fed9796fde0
  GHKeychain: 008cdb8bbab5b0dc1da3d0f06a67ce5203231e44
  GHKit: 02e7a86856912103d02c447a4a8860501b70334b
  GHODictionary: 1f7873492445e0f33ac19575a358c3c91926b564
  KBKit: 9f139696e2cd916f05ee603e33aabfd558ac8ccd
  Mantle: 299966b00759634931699f69cb6a30b9239b944d
  MDPSplitView: 127b4b371e813ec29333e515fb1c057126a75671
  MPMessagePack: 7c9c9cdee049b62e3578ee423ba451fa406bbd08
  ObjectiveSugar: a6a25f23d657c19df0a0b972466d5b5ca9f5295c
  Slash: 7184f2a98e13ad62303037db3a706c88e98b197e
  Tikppa: 3d4fca3d897592397d33d28cf594a9ae53cf966e
  YOLayout: 3f5b3ac64f9018f1e63a19223dbb8382c37d58cb

PODFILE CHECKSUM: 254d09634e37270f76c88d82cab3a560a72b79ed

COCOAPODS: 1.0.0.beta.2
