PODS:
  - boost (1.76.0)
  - CocoaAsyncSocket (7.6.5)
  - DoubleConversion (1.1.6)
  - EXApplication (5.0.1):
    - ExpoModulesCore
  - EXAV (13.0.2):
    - ExpoModulesCore
    - ReactCommon/turbomodule/core
  - EXBarCodeScanner (12.1.0):
    - EXImageLoader
    - ExpoModulesCore
    - ZXingObjC/OneD
    - ZXingObjC/PDF417
  - EXConstants (14.0.2):
    - ExpoModulesCore
  - EXContacts (11.0.1):
    - ExpoModulesCore
  - EXFileSystem (15.1.1):
    - ExpoModulesCore
  - EXFont (11.0.1):
    - ExpoModulesCore
  - EXImageLoader (4.0.0):
    - ExpoModulesCore
    - React-Core
  - EXLocation (15.0.1):
    - ExpoModulesCore
  - EXMediaLibrary (15.2.2):
    - ExpoModulesCore
    - React-Core
  - Expo (47.0.13):
    - ExpoModulesCore
  - ExpoHaptics (12.0.1):
    - ExpoModulesCore
  - ExpoImagePicker (14.1.0):
    - ExpoModulesCore
  - ExpoKeepAwake (11.0.1):
    - ExpoModulesCore
  - ExpoMailComposer (12.0.0):
    - ExpoModulesCore
  - ExpoModulesCore (1.1.1):
    - React-Core
    - ReactCommon/turbomodule/core
  - EXSMS (11.0.0):
    - ExpoModulesCore
  - EXTaskManager (11.0.1):
    - ExpoModulesCore
    - UMAppLoader
  - FBLazyVector (0.70.7)
  - FBReactNativeSpec (0.70.7):
    - RCT-Folly (= 2021.07.22.00)
    - RCTRequired (= 0.70.7)
    - RCTTypeSafety (= 0.70.7)
    - React-Core (= 0.70.7)
    - React-jsi (= 0.70.7)
    - ReactCommon/turbomodule/core (= 0.70.7)
  - Flipper (0.125.0):
    - Flipper-Folly (~> 2.6)
    - Flipper-RSocket (~> 1.4)
  - Flipper-Boost-iOSX (1.76.0.1.11)
  - Flipper-DoubleConversion (3.2.0.1)
  - Flipper-Fmt (7.1.7)
  - Flipper-Folly (2.6.10):
    - Flipper-Boost-iOSX
    - Flipper-DoubleConversion
    - Flipper-Fmt (= 7.1.7)
    - Flipper-Glog
    - libevent (~> 2.1.12)
    - OpenSSL-Universal (= 1.1.1100)
  - Flipper-Glog (0.5.0.5)
  - Flipper-PeerTalk (0.0.4)
  - Flipper-RSocket (1.4.3):
    - Flipper-Folly (~> 2.6)
  - FlipperKit (0.125.0):
    - FlipperKit/Core (= 0.125.0)
  - FlipperKit/Core (0.125.0):
    - Flipper (~> 0.125.0)
    - FlipperKit/CppBridge
    - FlipperKit/FBCxxFollyDynamicConvert
    - FlipperKit/FBDefines
    - FlipperKit/FKPortForwarding
    - SocketRocket (~> 0.6.0)
  - FlipperKit/CppBridge (0.125.0):
    - Flipper (~> 0.125.0)
  - FlipperKit/FBCxxFollyDynamicConvert (0.125.0):
    - Flipper-Folly (~> 2.6)
  - FlipperKit/FBDefines (0.125.0)
  - FlipperKit/FKPortForwarding (0.125.0):
    - CocoaAsyncSocket (~> 7.6)
    - Flipper-PeerTalk (~> 0.0.4)
  - FlipperKit/FlipperKitHighlightOverlay (0.125.0)
  - FlipperKit/FlipperKitLayoutHelpers (0.125.0):
    - FlipperKit/Core
    - FlipperKit/FlipperKitHighlightOverlay
    - FlipperKit/FlipperKitLayoutTextSearchable
  - FlipperKit/FlipperKitLayoutIOSDescriptors (0.125.0):
    - FlipperKit/Core
    - FlipperKit/FlipperKitHighlightOverlay
    - FlipperKit/FlipperKitLayoutHelpers
    - YogaKit (~> 1.18)
  - FlipperKit/FlipperKitLayoutPlugin (0.125.0):
    - FlipperKit/Core
    - FlipperKit/FlipperKitHighlightOverlay
    - FlipperKit/FlipperKitLayoutHelpers
    - FlipperKit/FlipperKitLayoutIOSDescriptors
    - FlipperKit/FlipperKitLayoutTextSearchable
    - YogaKit (~> 1.18)
  - FlipperKit/FlipperKitLayoutTextSearchable (0.125.0)
  - FlipperKit/FlipperKitNetworkPlugin (0.125.0):
    - FlipperKit/Core
  - FlipperKit/FlipperKitReactPlugin (0.125.0):
    - FlipperKit/Core
  - FlipperKit/FlipperKitUserDefaultsPlugin (0.125.0):
    - FlipperKit/Core
  - FlipperKit/SKIOSNetworkPlugin (0.125.0):
    - FlipperKit/Core
    - FlipperKit/FlipperKitNetworkPlugin
  - fmt (6.2.1)
  - glog (0.3.5)
  - libevent (2.1.12)
  - libwebp (1.2.4):
    - libwebp/demux (= 1.2.4)
    - libwebp/mux (= 1.2.4)
    - libwebp/webp (= 1.2.4)
  - libwebp/demux (1.2.4):
    - libwebp/webp
  - libwebp/mux (1.2.4):
    - libwebp/demux
  - libwebp/webp (1.2.4)
  - lottie-ios (3.5.0)
  - lottie-react-native (5.1.4):
    - lottie-ios (~> 3.5.0)
    - React-Core
  - OpenSSL-Universal (1.1.1100)
  - RCT-Folly (2021.07.22.00):
    - boost
    - DoubleConversion
    - fmt (~> 6.2.1)
    - glog
    - RCT-Folly/Default (= 2021.07.22.00)
  - RCT-Folly/Default (2021.07.22.00):
    - boost
    - DoubleConversion
    - fmt (~> 6.2.1)
    - glog
  - RCTRequired (0.70.7)
  - RCTTypeSafety (0.70.7):
    - FBLazyVector (= 0.70.7)
    - RCTRequired (= 0.70.7)
    - React-Core (= 0.70.7)
  - React (0.70.7):
    - React-Core (= 0.70.7)
    - React-Core/DevSupport (= 0.70.7)
    - React-Core/RCTWebSocket (= 0.70.7)
    - React-RCTActionSheet (= 0.70.7)
    - React-RCTAnimation (= 0.70.7)
    - React-RCTBlob (= 0.70.7)
    - React-RCTImage (= 0.70.7)
    - React-RCTLinking (= 0.70.7)
    - React-RCTNetwork (= 0.70.7)
    - React-RCTSettings (= 0.70.7)
    - React-RCTText (= 0.70.7)
    - React-RCTVibration (= 0.70.7)
  - React-bridging (0.70.7):
    - RCT-Folly (= 2021.07.22.00)
    - React-jsi (= 0.70.7)
  - React-callinvoker (0.70.7)
  - React-Codegen (0.70.7):
    - FBReactNativeSpec (= 0.70.7)
    - RCT-Folly (= 2021.07.22.00)
    - RCTRequired (= 0.70.7)
    - RCTTypeSafety (= 0.70.7)
    - React-Core (= 0.70.7)
    - React-jsi (= 0.70.7)
    - React-jsiexecutor (= 0.70.7)
    - ReactCommon/turbomodule/core (= 0.70.7)
  - React-Core (0.70.7):
    - glog
    - RCT-Folly (= 2021.07.22.00)
    - React-Core/Default (= 0.70.7)
    - React-cxxreact (= 0.70.7)
    - React-jsi (= 0.70.7)
    - React-jsiexecutor (= 0.70.7)
    - React-perflogger (= 0.70.7)
    - Yoga
  - React-Core/CoreModulesHeaders (0.70.7):
    - glog
    - RCT-Folly (= 2021.07.22.00)
    - React-Core/Default
    - React-cxxreact (= 0.70.7)
    - React-jsi (= 0.70.7)
    - React-jsiexecutor (= 0.70.7)
    - React-perflogger (= 0.70.7)
    - Yoga
  - React-Core/Default (0.70.7):
    - glog
    - RCT-Folly (= 2021.07.22.00)
    - React-cxxreact (= 0.70.7)
    - React-jsi (= 0.70.7)
    - React-jsiexecutor (= 0.70.7)
    - React-perflogger (= 0.70.7)
    - Yoga
  - React-Core/DevSupport (0.70.7):
    - glog
    - RCT-Folly (= 2021.07.22.00)
    - React-Core/Default (= 0.70.7)
    - React-Core/RCTWebSocket (= 0.70.7)
    - React-cxxreact (= 0.70.7)
    - React-jsi (= 0.70.7)
    - React-jsiexecutor (= 0.70.7)
    - React-jsinspector (= 0.70.7)
    - React-perflogger (= 0.70.7)
    - Yoga
  - React-Core/RCTActionSheetHeaders (0.70.7):
    - glog
    - RCT-Folly (= 2021.07.22.00)
    - React-Core/Default
    - React-cxxreact (= 0.70.7)
    - React-jsi (= 0.70.7)
    - React-jsiexecutor (= 0.70.7)
    - React-perflogger (= 0.70.7)
    - Yoga
  - React-Core/RCTAnimationHeaders (0.70.7):
    - glog
    - RCT-Folly (= 2021.07.22.00)
    - React-Core/Default
    - React-cxxreact (= 0.70.7)
    - React-jsi (= 0.70.7)
    - React-jsiexecutor (= 0.70.7)
    - React-perflogger (= 0.70.7)
    - Yoga
  - React-Core/RCTBlobHeaders (0.70.7):
    - glog
    - RCT-Folly (= 2021.07.22.00)
    - React-Core/Default
    - React-cxxreact (= 0.70.7)
    - React-jsi (= 0.70.7)
    - React-jsiexecutor (= 0.70.7)
    - React-perflogger (= 0.70.7)
    - Yoga
  - React-Core/RCTImageHeaders (0.70.7):
    - glog
    - RCT-Folly (= 2021.07.22.00)
    - React-Core/Default
    - React-cxxreact (= 0.70.7)
    - React-jsi (= 0.70.7)
    - React-jsiexecutor (= 0.70.7)
    - React-perflogger (= 0.70.7)
    - Yoga
  - React-Core/RCTLinkingHeaders (0.70.7):
    - glog
    - RCT-Folly (= 2021.07.22.00)
    - React-Core/Default
    - React-cxxreact (= 0.70.7)
    - React-jsi (= 0.70.7)
    - React-jsiexecutor (= 0.70.7)
    - React-perflogger (= 0.70.7)
    - Yoga
  - React-Core/RCTNetworkHeaders (0.70.7):
    - glog
    - RCT-Folly (= 2021.07.22.00)
    - React-Core/Default
    - React-cxxreact (= 0.70.7)
    - React-jsi (= 0.70.7)
    - React-jsiexecutor (= 0.70.7)
    - React-perflogger (= 0.70.7)
    - Yoga
  - React-Core/RCTSettingsHeaders (0.70.7):
    - glog
    - RCT-Folly (= 2021.07.22.00)
    - React-Core/Default
    - React-cxxreact (= 0.70.7)
    - React-jsi (= 0.70.7)
    - React-jsiexecutor (= 0.70.7)
    - React-perflogger (= 0.70.7)
    - Yoga
  - React-Core/RCTTextHeaders (0.70.7):
    - glog
    - RCT-Folly (= 2021.07.22.00)
    - React-Core/Default
    - React-cxxreact (= 0.70.7)
    - React-jsi (= 0.70.7)
    - React-jsiexecutor (= 0.70.7)
    - React-perflogger (= 0.70.7)
    - Yoga
  - React-Core/RCTVibrationHeaders (0.70.7):
    - glog
    - RCT-Folly (= 2021.07.22.00)
    - React-Core/Default
    - React-cxxreact (= 0.70.7)
    - React-jsi (= 0.70.7)
    - React-jsiexecutor (= 0.70.7)
    - React-perflogger (= 0.70.7)
    - Yoga
  - React-Core/RCTWebSocket (0.70.7):
    - glog
    - RCT-Folly (= 2021.07.22.00)
    - React-Core/Default (= 0.70.7)
    - React-cxxreact (= 0.70.7)
    - React-jsi (= 0.70.7)
    - React-jsiexecutor (= 0.70.7)
    - React-perflogger (= 0.70.7)
    - Yoga
  - React-CoreModules (0.70.7):
    - RCT-Folly (= 2021.07.22.00)
    - RCTTypeSafety (= 0.70.7)
    - React-Codegen (= 0.70.7)
    - React-Core/CoreModulesHeaders (= 0.70.7)
    - React-jsi (= 0.70.7)
    - React-RCTImage (= 0.70.7)
    - ReactCommon/turbomodule/core (= 0.70.7)
  - React-cxxreact (0.70.7):
    - boost (= 1.76.0)
    - DoubleConversion
    - glog
    - RCT-Folly (= 2021.07.22.00)
    - React-callinvoker (= 0.70.7)
    - React-jsi (= 0.70.7)
    - React-jsinspector (= 0.70.7)
    - React-logger (= 0.70.7)
    - React-perflogger (= 0.70.7)
    - React-runtimeexecutor (= 0.70.7)
  - React-jsi (0.70.7):
    - boost (= 1.76.0)
    - DoubleConversion
    - glog
    - RCT-Folly (= 2021.07.22.00)
    - React-jsi/Default (= 0.70.7)
  - React-jsi/Default (0.70.7):
    - boost (= 1.76.0)
    - DoubleConversion
    - glog
    - RCT-Folly (= 2021.07.22.00)
  - React-jsiexecutor (0.70.7):
    - DoubleConversion
    - glog
    - RCT-Folly (= 2021.07.22.00)
    - React-cxxreact (= 0.70.7)
    - React-jsi (= 0.70.7)
    - React-perflogger (= 0.70.7)
  - React-jsinspector (0.70.7)
  - React-logger (0.70.7):
    - glog
  - react-native-drop-view (0.1.0):
    - React-Core
  - react-native-flipper-performance-plugin (0.3.1):
    - React-Core
    - react-native-flipper-performance-plugin/FBDefines (= 0.3.1)
  - react-native-flipper-performance-plugin/FBDefines (0.3.1):
    - React-Core
  - react-native-hw-keyboard-event (0.0.4):
    - React
  - react-native-kb (0.1.0):
    - React-Core
  - react-native-netinfo (9.3.7):
    - React-Core
  - react-native-paste-input (0.5.1):
    - React-Core
    - Swime (= 3.0.6)
  - react-native-safe-area-context (4.5.0):
    - RCT-Folly
    - RCTRequired
    - RCTTypeSafety
    - React-Core
    - ReactCommon/turbomodule/core
  - react-native-webview (11.26.0):
    - React-Core
  - React-perflogger (0.70.7)
  - React-RCTActionSheet (0.70.7):
    - React-Core/RCTActionSheetHeaders (= 0.70.7)
  - React-RCTAnimation (0.70.7):
    - RCT-Folly (= 2021.07.22.00)
    - RCTTypeSafety (= 0.70.7)
    - React-Codegen (= 0.70.7)
    - React-Core/RCTAnimationHeaders (= 0.70.7)
    - React-jsi (= 0.70.7)
    - ReactCommon/turbomodule/core (= 0.70.7)
  - React-RCTBlob (0.70.7):
    - RCT-Folly (= 2021.07.22.00)
    - React-Codegen (= 0.70.7)
    - React-Core/RCTBlobHeaders (= 0.70.7)
    - React-Core/RCTWebSocket (= 0.70.7)
    - React-jsi (= 0.70.7)
    - React-RCTNetwork (= 0.70.7)
    - ReactCommon/turbomodule/core (= 0.70.7)
  - React-RCTImage (0.70.7):
    - RCT-Folly (= 2021.07.22.00)
    - RCTTypeSafety (= 0.70.7)
    - React-Codegen (= 0.70.7)
    - React-Core/RCTImageHeaders (= 0.70.7)
    - React-jsi (= 0.70.7)
    - React-RCTNetwork (= 0.70.7)
    - ReactCommon/turbomodule/core (= 0.70.7)
  - React-RCTLinking (0.70.7):
    - React-Codegen (= 0.70.7)
    - React-Core/RCTLinkingHeaders (= 0.70.7)
    - React-jsi (= 0.70.7)
    - ReactCommon/turbomodule/core (= 0.70.7)
  - React-RCTNetwork (0.70.7):
    - RCT-Folly (= 2021.07.22.00)
    - RCTTypeSafety (= 0.70.7)
    - React-Codegen (= 0.70.7)
    - React-Core/RCTNetworkHeaders (= 0.70.7)
    - React-jsi (= 0.70.7)
    - ReactCommon/turbomodule/core (= 0.70.7)
  - React-RCTSettings (0.70.7):
    - RCT-Folly (= 2021.07.22.00)
    - RCTTypeSafety (= 0.70.7)
    - React-Codegen (= 0.70.7)
    - React-Core/RCTSettingsHeaders (= 0.70.7)
    - React-jsi (= 0.70.7)
    - ReactCommon/turbomodule/core (= 0.70.7)
  - React-RCTText (0.70.7):
    - React-Core/RCTTextHeaders (= 0.70.7)
  - React-RCTVibration (0.70.7):
    - RCT-Folly (= 2021.07.22.00)
    - React-Codegen (= 0.70.7)
    - React-Core/RCTVibrationHeaders (= 0.70.7)
    - React-jsi (= 0.70.7)
    - ReactCommon/turbomodule/core (= 0.70.7)
  - React-runtimeexecutor (0.70.7):
    - React-jsi (= 0.70.7)
  - ReactCommon/turbomodule/core (0.70.7):
    - DoubleConversion
    - glog
    - RCT-Folly (= 2021.07.22.00)
    - React-bridging (= 0.70.7)
    - React-callinvoker (= 0.70.7)
    - React-Core (= 0.70.7)
    - React-cxxreact (= 0.70.7)
    - React-jsi (= 0.70.7)
    - React-logger (= 0.70.7)
    - React-perflogger (= 0.70.7)
  - RNCClipboard (1.11.1):
    - React-Core
  - RNCMaskedView (0.2.8):
    - React-Core
  - RNCPicker (2.4.8):
    - React-Core
  - RNCPushNotificationIOS (1.10.1):
    - React-Core
  - RNFastImage (8.6.3):
    - React-Core
    - SDWebImage (~> 5.12.1)
    - SDWebImageWebPCoder (~> 0.8.4)
  - RNFlashList (1.4.2):
    - React-Core
  - RNGestureHandler (2.9.0):
    - React-Core
  - RNReanimated (3.0.1):
    - DoubleConversion
    - FBLazyVector
    - FBReactNativeSpec
    - glog
    - RCT-Folly
    - RCTRequired
    - RCTTypeSafety
    - React-callinvoker
    - React-Core
    - React-Core/DevSupport
    - React-Core/RCTWebSocket
    - React-CoreModules
    - React-cxxreact
    - React-jsi
    - React-jsiexecutor
    - React-jsinspector
    - React-RCTActionSheet
    - React-RCTAnimation
    - React-RCTBlob
    - React-RCTImage
    - React-RCTLinking
    - React-RCTNetwork
    - React-RCTSettings
    - React-RCTText
    - ReactCommon/turbomodule/core
    - Yoga
  - RNScreens (3.20.0):
    - React-Core
    - React-RCTImage
  - SDWebImage (5.12.6):
    - SDWebImage/Core (= 5.12.6)
  - SDWebImage/Core (5.12.6)
  - SDWebImageWebPCoder (0.8.5):
    - libwebp (~> 1.0)
    - SDWebImage/Core (~> 5.10)
  - SocketRocket (0.6.0)
  - Swime (3.0.6)
  - UMAppLoader (4.0.0)
  - Yoga (1.14.0)
  - YogaKit (1.18.1):
    - Yoga (~> 1.14)
  - ZXingObjC/Core (3.6.5)
  - ZXingObjC/OneD (3.6.5):
    - ZXingObjC/Core
  - ZXingObjC/PDF417 (3.6.5):
    - ZXingObjC/Core

DEPENDENCIES:
  - boost (from `../node_modules/react-native/third-party-podspecs/boost.podspec`)
  - DoubleConversion (from `../node_modules/react-native/third-party-podspecs/DoubleConversion.podspec`)
  - EXApplication (from `../node_modules/expo-application/ios`)
  - EXAV (from `../node_modules/expo-av/ios`)
  - EXBarCodeScanner (from `../node_modules/expo-barcode-scanner/ios`)
  - EXConstants (from `../node_modules/expo-constants/ios`)
  - EXContacts (from `../node_modules/expo-contacts/ios`)
  - EXFileSystem (from `../node_modules/expo-file-system/ios`)
  - EXFont (from `../node_modules/expo-font/ios`)
  - EXImageLoader (from `../node_modules/expo-image-loader/ios`)
  - EXLocation (from `../node_modules/expo-location/ios`)
  - EXMediaLibrary (from `../node_modules/expo-media-library/ios`)
  - Expo (from `../node_modules/expo`)
  - ExpoHaptics (from `../node_modules/expo-haptics/ios`)
  - ExpoImagePicker (from `../node_modules/expo-image-picker/ios`)
  - ExpoKeepAwake (from `../node_modules/expo-keep-awake/ios`)
  - ExpoMailComposer (from `../node_modules/expo-mail-composer/ios`)
  - ExpoModulesCore (from `../node_modules/expo-modules-core`)
  - EXSMS (from `../node_modules/expo-sms/ios`)
  - EXTaskManager (from `../node_modules/expo-task-manager/ios`)
  - FBLazyVector (from `../node_modules/react-native/Libraries/FBLazyVector`)
  - FBReactNativeSpec (from `../node_modules/react-native/React/FBReactNativeSpec`)
  - Flipper (= 0.125.0)
  - Flipper-Boost-iOSX (= 1.76.0.1.11)
  - Flipper-DoubleConversion (= 3.2.0.1)
  - Flipper-Fmt (= 7.1.7)
  - Flipper-Folly (= 2.6.10)
  - Flipper-Glog (= 0.5.0.5)
  - Flipper-PeerTalk (= 0.0.4)
  - Flipper-RSocket (= 1.4.3)
  - FlipperKit (= 0.125.0)
  - FlipperKit/Core (= 0.125.0)
  - FlipperKit/CppBridge (= 0.125.0)
  - FlipperKit/FBCxxFollyDynamicConvert (= 0.125.0)
  - FlipperKit/FBDefines (= 0.125.0)
  - FlipperKit/FKPortForwarding (= 0.125.0)
  - FlipperKit/FlipperKitHighlightOverlay (= 0.125.0)
  - FlipperKit/FlipperKitLayoutPlugin (= 0.125.0)
  - FlipperKit/FlipperKitLayoutTextSearchable (= 0.125.0)
  - FlipperKit/FlipperKitNetworkPlugin (= 0.125.0)
  - FlipperKit/FlipperKitReactPlugin (= 0.125.0)
  - FlipperKit/FlipperKitUserDefaultsPlugin (= 0.125.0)
  - FlipperKit/SKIOSNetworkPlugin (= 0.125.0)
  - glog (from `../node_modules/react-native/third-party-podspecs/glog.podspec`)
  - lottie-ios (from `../node_modules/lottie-ios`)
  - lottie-react-native (from `../node_modules/lottie-react-native`)
  - OpenSSL-Universal (= 1.1.1100)
  - RCT-Folly (from `../node_modules/react-native/third-party-podspecs/RCT-Folly.podspec`)
  - RCTRequired (from `../node_modules/react-native/Libraries/RCTRequired`)
  - RCTTypeSafety (from `../node_modules/react-native/Libraries/TypeSafety`)
  - React (from `../node_modules/react-native/`)
  - React-bridging (from `../node_modules/react-native/ReactCommon`)
  - React-callinvoker (from `../node_modules/react-native/ReactCommon/callinvoker`)
  - React-Codegen (from `build/generated/ios`)
  - React-Core (from `../node_modules/react-native/`)
  - React-Core/DevSupport (from `../node_modules/react-native/`)
  - React-Core/RCTWebSocket (from `../node_modules/react-native/`)
  - React-CoreModules (from `../node_modules/react-native/React/CoreModules`)
  - React-cxxreact (from `../node_modules/react-native/ReactCommon/cxxreact`)
  - React-jsi (from `../node_modules/react-native/ReactCommon/jsi`)
  - React-jsiexecutor (from `../node_modules/react-native/ReactCommon/jsiexecutor`)
  - React-jsinspector (from `../node_modules/react-native/ReactCommon/jsinspector`)
  - React-logger (from `../node_modules/react-native/ReactCommon/logger`)
  - react-native-drop-view (from `../../rnmodules/react-native-drop-view`)
  - react-native-flipper-performance-plugin (from `../node_modules/react-native-flipper-performance-plugin`)
  - react-native-hw-keyboard-event (from `../node_modules/react-native-hw-keyboard-event`)
  - react-native-kb (from `../../rnmodules/react-native-kb`)
  - "react-native-netinfo (from `../node_modules/@react-native-community/netinfo`)"
  - "react-native-paste-input (from `../node_modules/@mattermost/react-native-paste-input`)"
  - react-native-safe-area-context (from `../node_modules/react-native-safe-area-context`)
  - react-native-webview (from `../node_modules/react-native-webview`)
  - React-perflogger (from `../node_modules/react-native/ReactCommon/reactperflogger`)
  - React-RCTActionSheet (from `../node_modules/react-native/Libraries/ActionSheetIOS`)
  - React-RCTAnimation (from `../node_modules/react-native/Libraries/NativeAnimation`)
  - React-RCTBlob (from `../node_modules/react-native/Libraries/Blob`)
  - React-RCTImage (from `../node_modules/react-native/Libraries/Image`)
  - React-RCTLinking (from `../node_modules/react-native/Libraries/LinkingIOS`)
  - React-RCTNetwork (from `../node_modules/react-native/Libraries/Network`)
  - React-RCTSettings (from `../node_modules/react-native/Libraries/Settings`)
  - React-RCTText (from `../node_modules/react-native/Libraries/Text`)
  - React-RCTVibration (from `../node_modules/react-native/Libraries/Vibration`)
  - React-runtimeexecutor (from `../node_modules/react-native/ReactCommon/runtimeexecutor`)
  - ReactCommon/turbomodule/core (from `../node_modules/react-native/ReactCommon`)
  - "RNCClipboard (from `../node_modules/@react-native-clipboard/clipboard`)"
  - "RNCMaskedView (from `../node_modules/@react-native-masked-view/masked-view`)"
  - "RNCPicker (from `../node_modules/@react-native-picker/picker`)"
  - "RNCPushNotificationIOS (from `../node_modules/@react-native-community/push-notification-ios`)"
  - RNFastImage (from `../node_modules/react-native-fast-image`)
  - "RNFlashList (from `../node_modules/@shopify/flash-list`)"
  - RNGestureHandler (from `../node_modules/react-native-gesture-handler`)
  - RNReanimated (from `../node_modules/react-native-reanimated`)
  - RNScreens (from `../node_modules/react-native-screens`)
  - UMAppLoader (from `../node_modules/unimodules-app-loader/ios`)
  - Yoga (from `../node_modules/react-native/ReactCommon/yoga`)

SPEC REPOS:
  trunk:
    - CocoaAsyncSocket
    - Flipper
    - Flipper-Boost-iOSX
    - Flipper-DoubleConversion
    - Flipper-Fmt
    - Flipper-Folly
    - Flipper-Glog
    - Flipper-PeerTalk
    - Flipper-RSocket
    - FlipperKit
    - fmt
    - libevent
    - libwebp
    - OpenSSL-Universal
    - SDWebImage
    - SDWebImageWebPCoder
    - SocketRocket
    - Swime
    - YogaKit
    - ZXingObjC

EXTERNAL SOURCES:
  boost:
    :podspec: "../node_modules/react-native/third-party-podspecs/boost.podspec"
  DoubleConversion:
    :podspec: "../node_modules/react-native/third-party-podspecs/DoubleConversion.podspec"
  EXApplication:
    :path: "../node_modules/expo-application/ios"
  EXAV:
    :path: "../node_modules/expo-av/ios"
  EXBarCodeScanner:
    :path: "../node_modules/expo-barcode-scanner/ios"
  EXConstants:
    :path: "../node_modules/expo-constants/ios"
  EXContacts:
    :path: "../node_modules/expo-contacts/ios"
  EXFileSystem:
    :path: "../node_modules/expo-file-system/ios"
  EXFont:
    :path: "../node_modules/expo-font/ios"
  EXImageLoader:
    :path: "../node_modules/expo-image-loader/ios"
  EXLocation:
    :path: "../node_modules/expo-location/ios"
  EXMediaLibrary:
    :path: "../node_modules/expo-media-library/ios"
  Expo:
    :path: "../node_modules/expo"
  ExpoHaptics:
    :path: "../node_modules/expo-haptics/ios"
  ExpoImagePicker:
    :path: "../node_modules/expo-image-picker/ios"
  ExpoKeepAwake:
    :path: "../node_modules/expo-keep-awake/ios"
  ExpoMailComposer:
    :path: "../node_modules/expo-mail-composer/ios"
  ExpoModulesCore:
    :path: "../node_modules/expo-modules-core"
  EXSMS:
    :path: "../node_modules/expo-sms/ios"
  EXTaskManager:
    :path: "../node_modules/expo-task-manager/ios"
  FBLazyVector:
    :path: "../node_modules/react-native/Libraries/FBLazyVector"
  FBReactNativeSpec:
    :path: "../node_modules/react-native/React/FBReactNativeSpec"
  glog:
    :podspec: "../node_modules/react-native/third-party-podspecs/glog.podspec"
  lottie-ios:
    :path: "../node_modules/lottie-ios"
  lottie-react-native:
    :path: "../node_modules/lottie-react-native"
  RCT-Folly:
    :podspec: "../node_modules/react-native/third-party-podspecs/RCT-Folly.podspec"
  RCTRequired:
    :path: "../node_modules/react-native/Libraries/RCTRequired"
  RCTTypeSafety:
    :path: "../node_modules/react-native/Libraries/TypeSafety"
  React:
    :path: "../node_modules/react-native/"
  React-bridging:
    :path: "../node_modules/react-native/ReactCommon"
  React-callinvoker:
    :path: "../node_modules/react-native/ReactCommon/callinvoker"
  React-Codegen:
    :path: build/generated/ios
  React-Core:
    :path: "../node_modules/react-native/"
  React-CoreModules:
    :path: "../node_modules/react-native/React/CoreModules"
  React-cxxreact:
    :path: "../node_modules/react-native/ReactCommon/cxxreact"
  React-jsi:
    :path: "../node_modules/react-native/ReactCommon/jsi"
  React-jsiexecutor:
    :path: "../node_modules/react-native/ReactCommon/jsiexecutor"
  React-jsinspector:
    :path: "../node_modules/react-native/ReactCommon/jsinspector"
  React-logger:
    :path: "../node_modules/react-native/ReactCommon/logger"
  react-native-drop-view:
    :path: "../../rnmodules/react-native-drop-view"
  react-native-flipper-performance-plugin:
    :path: "../node_modules/react-native-flipper-performance-plugin"
  react-native-hw-keyboard-event:
    :path: "../node_modules/react-native-hw-keyboard-event"
  react-native-kb:
    :path: "../../rnmodules/react-native-kb"
  react-native-netinfo:
    :path: "../node_modules/@react-native-community/netinfo"
  react-native-paste-input:
    :path: "../node_modules/@mattermost/react-native-paste-input"
  react-native-safe-area-context:
    :path: "../node_modules/react-native-safe-area-context"
  react-native-webview:
    :path: "../node_modules/react-native-webview"
  React-perflogger:
    :path: "../node_modules/react-native/ReactCommon/reactperflogger"
  React-RCTActionSheet:
    :path: "../node_modules/react-native/Libraries/ActionSheetIOS"
  React-RCTAnimation:
    :path: "../node_modules/react-native/Libraries/NativeAnimation"
  React-RCTBlob:
    :path: "../node_modules/react-native/Libraries/Blob"
  React-RCTImage:
    :path: "../node_modules/react-native/Libraries/Image"
  React-RCTLinking:
    :path: "../node_modules/react-native/Libraries/LinkingIOS"
  React-RCTNetwork:
    :path: "../node_modules/react-native/Libraries/Network"
  React-RCTSettings:
    :path: "../node_modules/react-native/Libraries/Settings"
  React-RCTText:
    :path: "../node_modules/react-native/Libraries/Text"
  React-RCTVibration:
    :path: "../node_modules/react-native/Libraries/Vibration"
  React-runtimeexecutor:
    :path: "../node_modules/react-native/ReactCommon/runtimeexecutor"
  ReactCommon:
    :path: "../node_modules/react-native/ReactCommon"
  RNCClipboard:
    :path: "../node_modules/@react-native-clipboard/clipboard"
  RNCMaskedView:
    :path: "../node_modules/@react-native-masked-view/masked-view"
  RNCPicker:
    :path: "../node_modules/@react-native-picker/picker"
  RNCPushNotificationIOS:
    :path: "../node_modules/@react-native-community/push-notification-ios"
  RNFastImage:
    :path: "../node_modules/react-native-fast-image"
  RNFlashList:
    :path: "../node_modules/@shopify/flash-list"
  RNGestureHandler:
    :path: "../node_modules/react-native-gesture-handler"
  RNReanimated:
    :path: "../node_modules/react-native-reanimated"
  RNScreens:
    :path: "../node_modules/react-native-screens"
  UMAppLoader:
    :path: "../node_modules/unimodules-app-loader/ios"
  Yoga:
    :path: "../node_modules/react-native/ReactCommon/yoga"

SPEC CHECKSUMS:
  boost: a7c83b31436843459a1961bfd74b96033dc77234
  CocoaAsyncSocket: 065fd1e645c7abab64f7a6a2007a48038fdc6a99
  DoubleConversion: 5189b271737e1565bdce30deb4a08d647e3f5f54
  EXApplication: 034b1c40a8e9fe1bff76a1e511ee90dff64ad834
  EXAV: 9a45d37772c5329294c054a041dcc39931fc5032
  EXBarCodeScanner: cb4deb49e59b6c7ed6bbf38d187802359908d2a8
  EXConstants: 3c86653c422dd77e40d10cbbabb3025003977415
  EXContacts: 81d2963abb188d5f79d746cfff94c58cc7e8d713
  EXFileSystem: 60602b6eefa6873f97172c684b7537c9760b50d6
  EXFont: 319606bfe48c33b5b5063fb0994afdc496befe80
  EXImageLoader: 84b65e6bd9d3345d6fbb3ab936a546c54496a64d
  EXLocation: 7d08926d931f4fb619bfa25e73669f1e19b102c6
  EXMediaLibrary: 792fe9b828b5bfa2c5a8b629730f175af2938285
  Expo: b9fa98bf260992312ee3c424400819fb9beadafe
  ExpoHaptics: 5a56d30a87ea213dd00b09566dc4b441a4dff97f
  ExpoImagePicker: 3851acac688e36cbf49973ff03fe395fa7f0fbf4
  ExpoKeepAwake: 69b59d0a8d2b24de9f82759c39b3821fec030318
  ExpoMailComposer: 5bd9a732104eb1721a5aa4744903673787d1410c
  ExpoModulesCore: 485dff3a59b036a33b6050c0a5aea3cf1037fdd1
  EXSMS: 9b0da8ca484165b7f1ebbd5cfedd670b5abf87fd
  EXTaskManager: 0afcc6fd813dec5dee98aa5ec4f22c2a840dd4a7
  FBLazyVector: a6454570f573a0f6f1d397e5a95c13e8e45d1700
  FBReactNativeSpec: 09e8dfba44487e5dc4882a9f5318cde67549549c
  Flipper: 26fc4b7382499f1281eb8cb921e5c3ad6de91fe0
  Flipper-Boost-iOSX: fd1e2b8cbef7e662a122412d7ac5f5bea715403c
  Flipper-DoubleConversion: 2dc99b02f658daf147069aad9dbd29d8feb06d30
  Flipper-Fmt: 60cbdd92fc254826e61d669a5d87ef7015396a9b
  Flipper-Folly: 584845625005ff068a6ebf41f857f468decd26b3
  Flipper-Glog: 70c50ce58ddaf67dc35180db05f191692570f446
  Flipper-PeerTalk: 116d8f857dc6ef55c7a5a75ea3ceaafe878aadc9
  Flipper-RSocket: d9d9ade67cbecf6ac10730304bf5607266dd2541
  FlipperKit: cbdee19bdd4e7f05472a66ce290f1b729ba3cb86
  fmt: ff9d55029c625d3757ed641535fd4a75fedc7ce9
  glog: 04b94705f318337d7ead9e6d17c019bd9b1f6b1b
  libevent: 4049cae6c81cdb3654a443be001fb9bdceff7913
  libwebp: f62cb61d0a484ba548448a4bd52aabf150ff6eef
  lottie-ios: c55158d67d0629a260625cc2ded2052b829e3c3e
  lottie-react-native: f00d55936805d0155d5ec3ca7b3205b07728af44
  OpenSSL-Universal: ebc357f1e6bc71fa463ccb2fe676756aff50e88c
  RCT-Folly: 0080d0a6ebf2577475bda044aa59e2ca1f909cda
  RCTRequired: 837880d26ec119e105317dc28a456f3016bf16d1
  RCTTypeSafety: 5c854c04c3383cab04f404e25d408ed52124b300
  React: ec6efc54c0fbb7c2e7147624c78065be80753082
  React-bridging: 7dd96a58f896a1a7422a491d17ec644e87277953
  React-callinvoker: f348d204f7bbe6020d4fd0dd57303f5b48a28003
  React-Codegen: 73350192a09163a640c23baf795464474be0d793
  React-Core: c57b11fd672421049038ef36881372da2605a0cd
  React-CoreModules: 2d91acffc3924adac6b508e3fc44121aa719ec40
  React-cxxreact: ee2ab13a1db086dc152421aa42dc94cc68f412a1
  React-jsi: 04031a830f9714e95d517153817ba7bfc15bfdf8
  React-jsiexecutor: e95cdd036e7947ddf87f3049319ac3064deb76b5
  React-jsinspector: 1c34fea1868136ecde647bc11fae9266d4143693
  React-logger: e9f407f9fdf3f3ce7749ae6f88affe63e8446019
  react-native-drop-view: 0b1a0f6396eed5b26850bb1710b1bf167c2a792e
  react-native-flipper-performance-plugin: 2b873b68da3e368afeaf29c9c7a8c2b0ff908c4f
  react-native-hw-keyboard-event: b517cefb8d5c659a38049c582de85ff43337dc53
  react-native-kb: 3465c38c4a2990554fd19177874fff8d5cc0079a
  react-native-netinfo: 2517ad504b3d303e90d7a431b0fcaef76d207983
  react-native-paste-input: 183ad7dc224e192719616f4258dde5b548627d08
  react-native-safe-area-context: 39c2d8be3328df5d437ac1700f4f3a4f75716acc
  react-native-webview: 994b9f8fbb504d6314dc40d83f94f27c6831b3bf
  React-perflogger: 52a94f38c19a518d05726624b49bfc192639374d
  React-RCTActionSheet: 7b89fe64a852bc3ae39b91dbd142ef09931ef3f7
  React-RCTAnimation: ad84bfbf8c5f6f77e65092d0c2b0506b80b5cf99
  React-RCTBlob: e4ee3ab649459329f5aa59d903762bfbd6164220
  React-RCTImage: aeb508f6ac80a94904a646dde61b0f67ea757ea7
  React-RCTLinking: 1171b3fdc265c479b7039069ce7e8fef68ca70aa
  React-RCTNetwork: 5d87cc4afd1fcef86fb2f804f26366f0314769fe
  React-RCTSettings: 644545854880b7d03c49f620664a307fd4613a1d
  React-RCTText: f8e4a283be2290a76b89f4a83ba2277faf90930d
  React-RCTVibration: eb7837d55b87c7a4ead3ab7632ad70dca87c65dc
  React-runtimeexecutor: 7cec9ed92ebde8309902530bb566819645c84ee5
  ReactCommon: 0253d197eaa7f6689dcd3e7d5360449ab93e10df
  RNCClipboard: 2834e1c4af68697089cdd455ee4a4cdd198fa7dd
  RNCMaskedView: bc0170f389056201c82a55e242e5d90070e18e5a
  RNCPicker: 0bf8ef8f7800524f32d2bb2a8bcadd53eda0ecd1
  RNCPushNotificationIOS: 87b8d16d3ede4532745e05b03c42cff33a36cc45
  RNFastImage: 65fc4932ac71ad7569adc60b66db6a6ed30dad89
  RNFlashList: 7fbca4fc075484a9426f1610d648dbea2de94eb0
  RNGestureHandler: 071d7a9ad81e8b83fe7663b303d132406a7d8f39
  RNReanimated: 0dd48c050ab4b6b55922fbeeddb2965dad1240b3
  RNScreens: 218801c16a2782546d30bd2026bb625c0302d70f
  SDWebImage: a47aea9e3d8816015db4e523daff50cfd294499d
  SDWebImageWebPCoder: 908b83b6adda48effe7667cd2b7f78c897e5111d
  SocketRocket: fccef3f9c5cedea1353a9ef6ada904fde10d6608
  Swime: d7b2c277503b6cea317774aedc2dce05613f8b0b
  UMAppLoader: 354d71d2d2ce8d6c19fb13d72b9c8209b18a8c56
  Yoga: 92d086bb705a41cc588599b51db726ba7b1d341c
  YogaKit: f782866e155069a2cca2517aafea43200b01fd5a
  ZXingObjC: fdbb269f25dd2032da343e06f10224d62f537bdb

PODFILE CHECKSUM: 2b3f6ef6aedd2924333c7fba2c637ee32c751c38

COCOAPODS: 1.12.0
