PODS:
  - boost-for-react-native (1.63.0)
  - CocoaAsyncSocket (7.6.4)
  - CocoaLibEvent (1.0.0)
  - DoubleConversion (1.1.6)
  - EXAppLoaderProvider (7.0.0)
  - EXBarCodeScanner (7.0.0):
    - UMCore
    - UMImageLoaderInterface
  - EXConstants (7.0.1):
    - UMConstantsInterface
    - UMCore
  - EXContacts (7.0.0):
    - UMCore
    - UMFileSystemInterface
    - UMPermissionsInterface
  - EXFileSystem (7.0.0):
    - UMCore
    - UMFileSystemInterface
  - EXHaptics (7.0.0):
    - UMCore
  - EXImagePicker (7.0.0):
    - UMCore
    - UMFileSystemInterface
  - EXPermissions (7.0.0):
    - UMCore
    - UMPermissionsInterface
  - EXSMS (7.0.0):
    - UMCore
    - UMPermissionsInterface
  - FBLazyVector (0.62.0)
  - FBReactNativeSpec (0.62.0):
    - Folly (= 2018.10.22.00)
    - RCTRequired (= 0.62.0)
    - RCTTypeSafety (= 0.62.0)
    - React-Core (= 0.62.0)
    - React-jsi (= 0.62.0)
    - ReactCommon/turbomodule/core (= 0.62.0)
  - Flipper (0.33.1):
    - Flipper-Folly (~> 2.1)
    - Flipper-RSocket (~> 1.0)
  - Flipper-DoubleConversion (1.1.7)
  - Flipper-Folly (2.1.1):
    - boost-for-react-native
    - CocoaLibEvent (~> 1.0)
    - Flipper-DoubleConversion
    - Flipper-Glog
    - OpenSSL-Universal (= 1.0.2.19)
  - Flipper-Glog (0.3.6)
  - Flipper-PeerTalk (0.0.4)
  - Flipper-RSocket (1.0.0):
    - Flipper-Folly (~> 2.0)
  - FlipperKit (0.33.1):
    - FlipperKit/Core (= 0.33.1)
  - FlipperKit/Core (0.33.1):
    - Flipper (~> 0.33.1)
    - FlipperKit/CppBridge
    - FlipperKit/FBCxxFollyDynamicConvert
    - FlipperKit/FBDefines
    - FlipperKit/FKPortForwarding
  - FlipperKit/CppBridge (0.33.1):
    - Flipper (~> 0.33.1)
  - FlipperKit/FBCxxFollyDynamicConvert (0.33.1):
    - Flipper-Folly (~> 2.1)
  - FlipperKit/FBDefines (0.33.1)
  - FlipperKit/FKPortForwarding (0.33.1):
    - CocoaAsyncSocket (~> 7.6)
    - Flipper-PeerTalk (~> 0.0.4)
  - FlipperKit/FlipperKitHighlightOverlay (0.33.1)
  - FlipperKit/FlipperKitLayoutPlugin (0.33.1):
    - FlipperKit/Core
    - FlipperKit/FlipperKitHighlightOverlay
    - FlipperKit/FlipperKitLayoutTextSearchable
    - YogaKit (~> 1.18)
  - FlipperKit/FlipperKitLayoutTextSearchable (0.33.1)
  - FlipperKit/FlipperKitNetworkPlugin (0.33.1):
    - FlipperKit/Core
  - FlipperKit/FlipperKitReactPlugin (0.33.1):
    - FlipperKit/Core
  - FlipperKit/FlipperKitUserDefaultsPlugin (0.33.1):
    - FlipperKit/Core
  - FlipperKit/SKIOSNetworkPlugin (0.33.1):
    - FlipperKit/Core
    - FlipperKit/FlipperKitNetworkPlugin
  - Folly (2018.10.22.00):
    - boost-for-react-native
    - DoubleConversion
    - Folly/Default (= 2018.10.22.00)
    - glog
  - Folly/Default (2018.10.22.00):
    - boost-for-react-native
    - DoubleConversion
    - glog
  - glog (0.3.5)
  - libwebp (1.1.0):
    - libwebp/demux (= 1.1.0)
    - libwebp/mux (= 1.1.0)
    - libwebp/webp (= 1.1.0)
  - libwebp/demux (1.1.0):
    - libwebp/webp
  - libwebp/mux (1.1.0):
    - libwebp/demux
  - libwebp/webp (1.1.0)
  - lottie-ios (3.1.6)
  - lottie-react-native (3.3.2):
    - lottie-ios (~> 3.1.3)
    - React
  - OpenSSL-Universal (1.0.2.19):
    - OpenSSL-Universal/Static (= 1.0.2.19)
  - OpenSSL-Universal/Static (1.0.2.19)
  - RCTRequired (0.62.0)
  - RCTTypeSafety (0.62.0):
    - FBLazyVector (= 0.62.0)
    - Folly (= 2018.10.22.00)
    - RCTRequired (= 0.62.0)
    - React-Core (= 0.62.0)
  - React (0.62.0):
    - React-Core (= 0.62.0)
    - React-Core/DevSupport (= 0.62.0)
    - React-Core/RCTWebSocket (= 0.62.0)
    - React-RCTActionSheet (= 0.62.0)
    - React-RCTAnimation (= 0.62.0)
    - React-RCTBlob (= 0.62.0)
    - React-RCTImage (= 0.62.0)
    - React-RCTLinking (= 0.62.0)
    - React-RCTNetwork (= 0.62.0)
    - React-RCTSettings (= 0.62.0)
    - React-RCTText (= 0.62.0)
    - React-RCTVibration (= 0.62.0)
  - React-Core (0.62.0):
    - Folly (= 2018.10.22.00)
    - glog
    - React-Core/Default (= 0.62.0)
    - React-cxxreact (= 0.62.0)
    - React-jsi (= 0.62.0)
    - React-jsiexecutor (= 0.62.0)
    - Yoga
  - React-Core/CoreModulesHeaders (0.62.0):
    - Folly (= 2018.10.22.00)
    - glog
    - React-Core/Default
    - React-cxxreact (= 0.62.0)
    - React-jsi (= 0.62.0)
    - React-jsiexecutor (= 0.62.0)
    - Yoga
  - React-Core/Default (0.62.0):
    - Folly (= 2018.10.22.00)
    - glog
    - React-cxxreact (= 0.62.0)
    - React-jsi (= 0.62.0)
    - React-jsiexecutor (= 0.62.0)
    - Yoga
  - React-Core/DevSupport (0.62.0):
    - Folly (= 2018.10.22.00)
    - glog
    - React-Core/Default (= 0.62.0)
    - React-Core/RCTWebSocket (= 0.62.0)
    - React-cxxreact (= 0.62.0)
    - React-jsi (= 0.62.0)
    - React-jsiexecutor (= 0.62.0)
    - React-jsinspector (= 0.62.0)
    - Yoga
  - React-Core/RCTActionSheetHeaders (0.62.0):
    - Folly (= 2018.10.22.00)
    - glog
    - React-Core/Default
    - React-cxxreact (= 0.62.0)
    - React-jsi (= 0.62.0)
    - React-jsiexecutor (= 0.62.0)
    - Yoga
  - React-Core/RCTAnimationHeaders (0.62.0):
    - Folly (= 2018.10.22.00)
    - glog
    - React-Core/Default
    - React-cxxreact (= 0.62.0)
    - React-jsi (= 0.62.0)
    - React-jsiexecutor (= 0.62.0)
    - Yoga
  - React-Core/RCTBlobHeaders (0.62.0):
    - Folly (= 2018.10.22.00)
    - glog
    - React-Core/Default
    - React-cxxreact (= 0.62.0)
    - React-jsi (= 0.62.0)
    - React-jsiexecutor (= 0.62.0)
    - Yoga
  - React-Core/RCTImageHeaders (0.62.0):
    - Folly (= 2018.10.22.00)
    - glog
    - React-Core/Default
    - React-cxxreact (= 0.62.0)
    - React-jsi (= 0.62.0)
    - React-jsiexecutor (= 0.62.0)
    - Yoga
  - React-Core/RCTLinkingHeaders (0.62.0):
    - Folly (= 2018.10.22.00)
    - glog
    - React-Core/Default
    - React-cxxreact (= 0.62.0)
    - React-jsi (= 0.62.0)
    - React-jsiexecutor (= 0.62.0)
    - Yoga
  - React-Core/RCTNetworkHeaders (0.62.0):
    - Folly (= 2018.10.22.00)
    - glog
    - React-Core/Default
    - React-cxxreact (= 0.62.0)
    - React-jsi (= 0.62.0)
    - React-jsiexecutor (= 0.62.0)
    - Yoga
  - React-Core/RCTPushNotificationHeaders (0.62.0):
    - Folly (= 2018.10.22.00)
    - glog
    - React-Core/Default
    - React-cxxreact (= 0.62.0)
    - React-jsi (= 0.62.0)
    - React-jsiexecutor (= 0.62.0)
    - Yoga
  - React-Core/RCTSettingsHeaders (0.62.0):
    - Folly (= 2018.10.22.00)
    - glog
    - React-Core/Default
    - React-cxxreact (= 0.62.0)
    - React-jsi (= 0.62.0)
    - React-jsiexecutor (= 0.62.0)
    - Yoga
  - React-Core/RCTTextHeaders (0.62.0):
    - Folly (= 2018.10.22.00)
    - glog
    - React-Core/Default
    - React-cxxreact (= 0.62.0)
    - React-jsi (= 0.62.0)
    - React-jsiexecutor (= 0.62.0)
    - Yoga
  - React-Core/RCTVibrationHeaders (0.62.0):
    - Folly (= 2018.10.22.00)
    - glog
    - React-Core/Default
    - React-cxxreact (= 0.62.0)
    - React-jsi (= 0.62.0)
    - React-jsiexecutor (= 0.62.0)
    - Yoga
  - React-Core/RCTWebSocket (0.62.0):
    - Folly (= 2018.10.22.00)
    - glog
    - React-Core/Default (= 0.62.0)
    - React-cxxreact (= 0.62.0)
    - React-jsi (= 0.62.0)
    - React-jsiexecutor (= 0.62.0)
    - Yoga
  - React-CoreModules (0.62.0):
    - FBReactNativeSpec (= 0.62.0)
    - Folly (= 2018.10.22.00)
    - RCTTypeSafety (= 0.62.0)
    - React-Core/CoreModulesHeaders (= 0.62.0)
    - React-RCTImage (= 0.62.0)
    - ReactCommon/turbomodule/core (= 0.62.0)
  - React-cxxreact (0.62.0):
    - boost-for-react-native (= 1.63.0)
    - DoubleConversion
    - Folly (= 2018.10.22.00)
    - glog
    - React-jsinspector (= 0.62.0)
  - React-jsi (0.62.0):
    - boost-for-react-native (= 1.63.0)
    - DoubleConversion
    - Folly (= 2018.10.22.00)
    - glog
    - React-jsi/Default (= 0.62.0)
  - React-jsi/Default (0.62.0):
    - boost-for-react-native (= 1.63.0)
    - DoubleConversion
    - Folly (= 2018.10.22.00)
    - glog
  - React-jsiexecutor (0.62.0):
    - DoubleConversion
    - Folly (= 2018.10.22.00)
    - glog
    - React-cxxreact (= 0.62.0)
    - React-jsi (= 0.62.0)
  - React-jsinspector (0.62.0)
  - react-native-cameraroll (1.2.1):
    - React
  - react-native-contacts (5.1.0):
    - React
  - react-native-geolocation (2.0.2):
    - React
  - react-native-netinfo (5.6.2):
    - React
  - react-native-safe-area-context (0.7.3):
    - React
  - react-native-video (5.0.2):
    - React
    - react-native-video/Video (= 5.0.2)
  - react-native-video/Video (5.0.2):
    - React
  - react-native-webview (8.0.5):
    - React
  - React-RCTActionSheet (0.62.0):
    - React-Core/RCTActionSheetHeaders (= 0.62.0)
  - React-RCTAnimation (0.62.0):
    - FBReactNativeSpec (= 0.62.0)
    - Folly (= 2018.10.22.00)
    - RCTTypeSafety (= 0.62.0)
    - React-Core/RCTAnimationHeaders (= 0.62.0)
    - ReactCommon/turbomodule/core (= 0.62.0)
  - React-RCTBlob (0.62.0):
    - FBReactNativeSpec (= 0.62.0)
    - Folly (= 2018.10.22.00)
    - React-Core/RCTBlobHeaders (= 0.62.0)
    - React-Core/RCTWebSocket (= 0.62.0)
    - React-jsi (= 0.62.0)
    - React-RCTNetwork (= 0.62.0)
    - ReactCommon/turbomodule/core (= 0.62.0)
  - React-RCTImage (0.62.0):
    - FBReactNativeSpec (= 0.62.0)
    - Folly (= 2018.10.22.00)
    - RCTTypeSafety (= 0.62.0)
    - React-Core/RCTImageHeaders (= 0.62.0)
    - React-RCTNetwork (= 0.62.0)
    - ReactCommon/turbomodule/core (= 0.62.0)
  - React-RCTLinking (0.62.0):
    - FBReactNativeSpec (= 0.62.0)
    - React-Core/RCTLinkingHeaders (= 0.62.0)
    - ReactCommon/turbomodule/core (= 0.62.0)
  - React-RCTNetwork (0.62.0):
    - FBReactNativeSpec (= 0.62.0)
    - Folly (= 2018.10.22.00)
    - RCTTypeSafety (= 0.62.0)
    - React-Core/RCTNetworkHeaders (= 0.62.0)
    - ReactCommon/turbomodule/core (= 0.62.0)
  - React-RCTPushNotification (0.62.0):
    - FBReactNativeSpec (= 0.62.0)
    - RCTTypeSafety (= 0.62.0)
    - React-Core/RCTPushNotificationHeaders (= 0.62.0)
    - ReactCommon/turbomodule/core (= 0.62.0)
  - React-RCTSettings (0.62.0):
    - FBReactNativeSpec (= 0.62.0)
    - Folly (= 2018.10.22.00)
    - RCTTypeSafety (= 0.62.0)
    - React-Core/RCTSettingsHeaders (= 0.62.0)
    - ReactCommon/turbomodule/core (= 0.62.0)
  - React-RCTText (0.62.0):
    - React-Core/RCTTextHeaders (= 0.62.0)
  - React-RCTVibration (0.62.0):
    - FBReactNativeSpec (= 0.62.0)
    - Folly (= 2018.10.22.00)
    - React-Core/RCTVibrationHeaders (= 0.62.0)
    - ReactCommon/turbomodule/core (= 0.62.0)
  - ReactCommon/callinvoker (0.62.0):
    - DoubleConversion
    - Folly (= 2018.10.22.00)
    - glog
    - React-cxxreact (= 0.62.0)
  - ReactCommon/turbomodule/core (0.62.0):
    - DoubleConversion
    - Folly (= 2018.10.22.00)
    - glog
    - React-Core (= 0.62.0)
    - React-cxxreact (= 0.62.0)
    - React-jsi (= 0.62.0)
    - ReactCommon/callinvoker (= 0.62.0)
  - rn-fetch-blob (0.11.1):
    - React-Core
  - RNAudio (4.3.0):
    - React
  - RNFastImage (7.0.2):
    - React
    - SDWebImage (~> 5.0)
    - SDWebImageWebPCoder (~> 0.2.3)
  - RNGestureHandler (1.5.2):
    - React
  - RNReanimated (1.2.0):
    - React
  - RNScreens (1.0.0-alpha.23):
    - React
  - SDWebImage (5.5.0):
    - SDWebImage/Core (= 5.5.0)
  - SDWebImage/Core (5.5.0)
  - SDWebImageWebPCoder (0.2.5):
    - libwebp (~> 1.0)
    - SDWebImage/Core (~> 5.0)
  - UMBarCodeScannerInterface (4.0.0)
  - UMCameraInterface (4.0.0)
  - UMConstantsInterface (4.0.0)
  - UMCore (4.0.0)
  - UMFaceDetectorInterface (4.0.0)
  - UMFileSystemInterface (4.0.0)
  - UMFontInterface (4.0.0)
  - UMImageLoaderInterface (4.0.0)
  - UMPermissionsInterface (4.0.0)
  - UMReactNativeAdapter (5.0.0-alpha.0):
    - React
    - UMCore
    - UMFontInterface
  - UMSensorsInterface (4.0.0)
  - UMTaskManagerInterface (4.0.0)
  - Yoga (1.14.0)
  - YogaKit (1.18.1):
    - Yoga (~> 1.14)

DEPENDENCIES:
  - DoubleConversion (from `../node_modules/react-native/third-party-podspecs/DoubleConversion.podspec`)
  - EXAppLoaderProvider (from `../node_modules/expo-app-loader-provider/ios`)
  - EXBarCodeScanner (from `../node_modules/expo-barcode-scanner/ios`)
  - EXConstants (from `../node_modules/expo-constants/ios`)
  - EXContacts (from `../node_modules/expo-contacts/ios`)
  - EXFileSystem (from `../node_modules/expo-file-system/ios`)
  - EXHaptics (from `../node_modules/expo-haptics/ios`)
  - EXImagePicker (from `../node_modules/expo-image-picker/ios`)
  - EXPermissions (from `../node_modules/expo-permissions/ios`)
  - EXSMS (from `../node_modules/expo-sms/ios`)
  - FBLazyVector (from `../node_modules/react-native/Libraries/FBLazyVector`)
  - FBReactNativeSpec (from `../node_modules/react-native/Libraries/FBReactNativeSpec`)
  - FlipperKit (~> 0.33.1)
  - FlipperKit/FlipperKitLayoutPlugin (~> 0.33.1)
  - FlipperKit/FlipperKitReactPlugin (~> 0.33.1)
  - FlipperKit/FlipperKitUserDefaultsPlugin (~> 0.33.1)
  - FlipperKit/SKIOSNetworkPlugin (~> 0.33.1)
  - Folly (from `../node_modules/react-native/third-party-podspecs/Folly.podspec`)
  - glog (from `../node_modules/react-native/third-party-podspecs/glog.podspec`)
  - lottie-react-native (from `../node_modules/lottie-react-native`)
  - RCTRequired (from `../node_modules/react-native/Libraries/RCTRequired`)
  - RCTTypeSafety (from `../node_modules/react-native/Libraries/TypeSafety`)
  - React (from `../node_modules/react-native/`)
  - React-Core (from `../node_modules/react-native/`)
  - React-Core/DevSupport (from `../node_modules/react-native/`)
  - React-Core/RCTWebSocket (from `../node_modules/react-native/`)
  - React-CoreModules (from `../node_modules/react-native/React/CoreModules`)
  - React-cxxreact (from `../node_modules/react-native/ReactCommon/cxxreact`)
  - React-jsi (from `../node_modules/react-native/ReactCommon/jsi`)
  - React-jsiexecutor (from `../node_modules/react-native/ReactCommon/jsiexecutor`)
  - React-jsinspector (from `../node_modules/react-native/ReactCommon/jsinspector`)
  - "react-native-cameraroll (from `../node_modules/@react-native-community/cameraroll`)"
  - react-native-contacts (from `../node_modules/react-native-contacts`)
  - "react-native-geolocation (from `../node_modules/@react-native-community/geolocation`)"
  - "react-native-netinfo (from `../node_modules/@react-native-community/netinfo`)"
  - react-native-safe-area-context (from `../node_modules/react-native-safe-area-context`)
  - react-native-video (from `../node_modules/react-native-video`)
  - react-native-webview (from `../node_modules/react-native-webview`)
  - React-RCTActionSheet (from `../node_modules/react-native/Libraries/ActionSheetIOS`)
  - React-RCTAnimation (from `../node_modules/react-native/Libraries/NativeAnimation`)
  - React-RCTBlob (from `../node_modules/react-native/Libraries/Blob`)
  - React-RCTImage (from `../node_modules/react-native/Libraries/Image`)
  - React-RCTLinking (from `../node_modules/react-native/Libraries/LinkingIOS`)
  - React-RCTNetwork (from `../node_modules/react-native/Libraries/Network`)
  - React-RCTPushNotification (from `../node_modules/react-native/Libraries/PushNotificationIOS`)
  - React-RCTSettings (from `../node_modules/react-native/Libraries/Settings`)
  - React-RCTText (from `../node_modules/react-native/Libraries/Text`)
  - React-RCTVibration (from `../node_modules/react-native/Libraries/Vibration`)
  - ReactCommon/callinvoker (from `../node_modules/react-native/ReactCommon`)
  - ReactCommon/turbomodule/core (from `../node_modules/react-native/ReactCommon`)
  - rn-fetch-blob (from `../node_modules/rn-fetch-blob`)
  - RNAudio (from `../node_modules/react-native-audio`)
  - RNFastImage (from `../node_modules/react-native-fast-image`)
  - RNGestureHandler (from `../node_modules/react-native-gesture-handler`)
  - RNReanimated (from `../node_modules/react-native-reanimated`)
  - RNScreens (from `../node_modules/react-native-screens`)
  - UMBarCodeScannerInterface (from `../node_modules/unimodules-barcode-scanner-interface/ios`)
  - UMCameraInterface (from `../node_modules/unimodules-camera-interface/ios`)
  - UMConstantsInterface (from `../node_modules/unimodules-constants-interface/ios`)
  - "UMCore (from `../node_modules/@unimodules/core/ios`)"
  - UMFaceDetectorInterface (from `../node_modules/unimodules-face-detector-interface/ios`)
  - UMFileSystemInterface (from `../node_modules/unimodules-file-system-interface/ios`)
  - UMFontInterface (from `../node_modules/unimodules-font-interface/ios`)
  - UMImageLoaderInterface (from `../node_modules/unimodules-image-loader-interface/ios`)
  - UMPermissionsInterface (from `../node_modules/unimodules-permissions-interface/ios`)
  - "UMReactNativeAdapter (from `../node_modules/@unimodules/react-native-adapter/ios`)"
  - UMSensorsInterface (from `../node_modules/unimodules-sensors-interface/ios`)
  - UMTaskManagerInterface (from `../node_modules/unimodules-task-manager-interface/ios`)
  - Yoga (from `../node_modules/react-native/ReactCommon/yoga`)

SPEC REPOS:
  trunk:
    - boost-for-react-native
    - CocoaAsyncSocket
    - CocoaLibEvent
    - Flipper
    - Flipper-DoubleConversion
    - Flipper-Folly
    - Flipper-Glog
    - Flipper-PeerTalk
    - Flipper-RSocket
    - FlipperKit
    - libwebp
    - lottie-ios
    - OpenSSL-Universal
    - SDWebImage
    - SDWebImageWebPCoder
    - YogaKit

EXTERNAL SOURCES:
  DoubleConversion:
    :podspec: "../node_modules/react-native/third-party-podspecs/DoubleConversion.podspec"
  EXAppLoaderProvider:
    :path: !ruby/object:Pathname
    path: "../node_modules/expo-app-loader-provider/ios"
  EXBarCodeScanner:
    :path: !ruby/object:Pathname
    path: "../node_modules/expo-barcode-scanner/ios"
  EXConstants:
    :path: !ruby/object:Pathname
    path: "../node_modules/expo-constants/ios"
  EXContacts:
    :path: !ruby/object:Pathname
    path: "../node_modules/expo-contacts/ios"
  EXFileSystem:
    :path: !ruby/object:Pathname
    path: "../node_modules/expo-file-system/ios"
  EXHaptics:
    :path: !ruby/object:Pathname
    path: "../node_modules/expo-haptics/ios"
  EXImagePicker:
    :path: !ruby/object:Pathname
    path: "../node_modules/expo-image-picker/ios"
  EXPermissions:
    :path: !ruby/object:Pathname
    path: "../node_modules/expo-permissions/ios"
  EXSMS:
    :path: !ruby/object:Pathname
    path: "../node_modules/expo-sms/ios"
  FBLazyVector:
    :path: "../node_modules/react-native/Libraries/FBLazyVector"
  FBReactNativeSpec:
    :path: "../node_modules/react-native/Libraries/FBReactNativeSpec"
  Folly:
    :podspec: "../node_modules/react-native/third-party-podspecs/Folly.podspec"
  glog:
    :podspec: "../node_modules/react-native/third-party-podspecs/glog.podspec"
  lottie-react-native:
    :path: "../node_modules/lottie-react-native"
  RCTRequired:
    :path: "../node_modules/react-native/Libraries/RCTRequired"
  RCTTypeSafety:
    :path: "../node_modules/react-native/Libraries/TypeSafety"
  React:
    :path: "../node_modules/react-native/"
  React-Core:
    :path: "../node_modules/react-native/"
  React-CoreModules:
    :path: "../node_modules/react-native/React/CoreModules"
  React-cxxreact:
    :path: "../node_modules/react-native/ReactCommon/cxxreact"
  React-jsi:
    :path: "../node_modules/react-native/ReactCommon/jsi"
  React-jsiexecutor:
    :path: "../node_modules/react-native/ReactCommon/jsiexecutor"
  React-jsinspector:
    :path: "../node_modules/react-native/ReactCommon/jsinspector"
  react-native-cameraroll:
    :path: "../node_modules/@react-native-community/cameraroll"
  react-native-contacts:
    :path: "../node_modules/react-native-contacts"
  react-native-geolocation:
    :path: "../node_modules/@react-native-community/geolocation"
  react-native-netinfo:
    :path: "../node_modules/@react-native-community/netinfo"
  react-native-safe-area-context:
    :path: "../node_modules/react-native-safe-area-context"
  react-native-video:
    :path: "../node_modules/react-native-video"
  react-native-webview:
    :path: "../node_modules/react-native-webview"
  React-RCTActionSheet:
    :path: "../node_modules/react-native/Libraries/ActionSheetIOS"
  React-RCTAnimation:
    :path: "../node_modules/react-native/Libraries/NativeAnimation"
  React-RCTBlob:
    :path: "../node_modules/react-native/Libraries/Blob"
  React-RCTImage:
    :path: "../node_modules/react-native/Libraries/Image"
  React-RCTLinking:
    :path: "../node_modules/react-native/Libraries/LinkingIOS"
  React-RCTNetwork:
    :path: "../node_modules/react-native/Libraries/Network"
  React-RCTPushNotification:
    :path: "../node_modules/react-native/Libraries/PushNotificationIOS"
  React-RCTSettings:
    :path: "../node_modules/react-native/Libraries/Settings"
  React-RCTText:
    :path: "../node_modules/react-native/Libraries/Text"
  React-RCTVibration:
    :path: "../node_modules/react-native/Libraries/Vibration"
  ReactCommon:
    :path: "../node_modules/react-native/ReactCommon"
  rn-fetch-blob:
    :path: "../node_modules/rn-fetch-blob"
  RNAudio:
    :path: "../node_modules/react-native-audio"
  RNFastImage:
    :path: "../node_modules/react-native-fast-image"
  RNGestureHandler:
    :path: "../node_modules/react-native-gesture-handler"
  RNReanimated:
    :path: "../node_modules/react-native-reanimated"
  RNScreens:
    :path: "../node_modules/react-native-screens"
  UMBarCodeScannerInterface:
    :path: !ruby/object:Pathname
    path: "../node_modules/unimodules-barcode-scanner-interface/ios"
  UMCameraInterface:
    :path: !ruby/object:Pathname
    path: "../node_modules/unimodules-camera-interface/ios"
  UMConstantsInterface:
    :path: !ruby/object:Pathname
    path: "../node_modules/unimodules-constants-interface/ios"
  UMCore:
    :path: !ruby/object:Pathname
    path: "../node_modules/@unimodules/core/ios"
  UMFaceDetectorInterface:
    :path: !ruby/object:Pathname
    path: "../node_modules/unimodules-face-detector-interface/ios"
  UMFileSystemInterface:
    :path: !ruby/object:Pathname
    path: "../node_modules/unimodules-file-system-interface/ios"
  UMFontInterface:
    :path: !ruby/object:Pathname
    path: "../node_modules/unimodules-font-interface/ios"
  UMImageLoaderInterface:
    :path: !ruby/object:Pathname
    path: "../node_modules/unimodules-image-loader-interface/ios"
  UMPermissionsInterface:
    :path: !ruby/object:Pathname
    path: "../node_modules/unimodules-permissions-interface/ios"
  UMReactNativeAdapter:
    :path: !ruby/object:Pathname
    path: "../node_modules/@unimodules/react-native-adapter/ios"
  UMSensorsInterface:
    :path: !ruby/object:Pathname
    path: "../node_modules/unimodules-sensors-interface/ios"
  UMTaskManagerInterface:
    :path: !ruby/object:Pathname
    path: "../node_modules/unimodules-task-manager-interface/ios"
  Yoga:
    :path: "../node_modules/react-native/ReactCommon/yoga"

SPEC CHECKSUMS:
  boost-for-react-native: 39c7adb57c4e60d6c5479dd8623128eb5b3f0f2c
  CocoaAsyncSocket: 694058e7c0ed05a9e217d1b3c7ded962f4180845
  CocoaLibEvent: 2fab71b8bd46dd33ddb959f7928ec5909f838e3f
  DoubleConversion: 5805e889d232975c086db112ece9ed034df7a0b2
  EXAppLoaderProvider: 5d348813a9cf09b03bbe5b8b55437bc1bfbddbd1
  EXBarCodeScanner: 2443883e2a0a8075fc323dad136a73384ab71cde
  EXConstants: 857aa7b1c84e2878f8402d712061860bca16a697
  EXContacts: 5ec0cb83ea2ea68694eac97ddf2a5cfefb8e2286
  EXFileSystem: 7e53a2c30a2eb6987ba6d5158ab908f947523228
  EXHaptics: 9279b288e4bd10ca159442269790492a8819f917
  EXImagePicker: 63549baa9487f4b99c03163c5639ddede4c7be4e
  EXPermissions: df10ad83df2f6b647aec304619354f8ab48d5f63
  EXSMS: c5df5f35228de7f1f4b16da5e53f48af63b768e4
  FBLazyVector: 545eccf4f6ef2de8fd450fd8a1edb3f913c7371a
  FBReactNativeSpec: 85c7f8347f4a6e911742228e89e245187afa298e
  Flipper: 6c1f484f9a88d30ab3e272800d53688439e50f69
  Flipper-DoubleConversion: 38631e41ef4f9b12861c67d17cb5518d06badc41
  Flipper-Folly: 2de3d03e0acc7064d5e4ed9f730e2f217486f162
  Flipper-Glog: 1dfd6abf1e922806c52ceb8701a3599a79a200a6
  Flipper-PeerTalk: 116d8f857dc6ef55c7a5a75ea3ceaafe878aadc9
  Flipper-RSocket: 1260a31c05c238eabfa9bb8a64e3983049048371
  FlipperKit: 6dc9b8f4ef60d9e5ded7f0264db299c91f18832e
  Folly: 30e7936e1c45c08d884aa59369ed951a8e68cf51
  glog: 1f3da668190260b06b429bb211bfbee5cd790c28
  libwebp: 946cb3063cea9236285f7e9a8505d806d30e07f3
  lottie-ios: 85ce835dd8c53e02509f20729fc7d6a4e6645a0a
  lottie-react-native: 2a1a82bb326ae51331a5520de0cf706733c6db69
  OpenSSL-Universal: 8b48cc0d10c1b2923617dfe5c178aa9ed2689355
  RCTRequired: 0873f5bdb1762d2b9b1ae16a01c4f91d6ee3b6dd
  RCTTypeSafety: a605e0cc0e4220f6e65896bd9e675073c2978f35
  React: 8abf6bdd2b05538e9445f7bbda800df744068bfe
  React-Core: d6daa0d60a4180915e889a5e81f28522cb30359a
  React-CoreModules: 9d5343b095a52e830954a1dd7ae1cb9321ceeddc
  React-cxxreact: c108ca236585b9c802f1eeab11fed1a023faac3a
  React-jsi: bc8166d6833cdcb0848c80710b26ce63fad2c099
  React-jsiexecutor: 8bf0b2707f05865113415088c398a7f98c0cf546
  React-jsinspector: 8e5913c4c6c54f0d3f9c9fc630c465a89cded65d
  react-native-cameraroll: 3e5e34d36d93548ae7770ee8ab7b2ae9e778f571
  react-native-contacts: be6cde1ffc9c0196fbb57d987b9d40f12b85989c
  react-native-geolocation: c956aeb136625c23e0dce0467664af2c437888c9
  react-native-netinfo: 73303369946c2487c600418961bfdc87748b832f
  react-native-safe-area-context: e200d4433aba6b7e60b52da5f37af11f7a0b0392
  react-native-video: d01ed7ff1e38fa7dcc6c15c94cf505e661b7bfd0
  react-native-webview: d12c8352c853e401fb6fff69a3461d0bca9f0c0b
  React-RCTActionSheet: 674afbc8b9c76e0a83520e0a51da29a70802c03f
  React-RCTAnimation: f5f24330d09ee677fb49e0782f8321868f4df431
  React-RCTBlob: b773ce6138ab0d172ebd8a455fd4efd200a92549
  React-RCTImage: 8dbaa77916f9d21ff8faa0f3f5f06d4069c28e93
  React-RCTLinking: 312a2b3511e2829e68c300c2cdcae4282fefc7ef
  React-RCTNetwork: 4b87acf29c38b8819bea67dad3edeca7b9a20718
  React-RCTPushNotification: 04424ad9d13ebac07ea14ae913df3d5b4edd3967
  React-RCTSettings: be798c8b33392a90d9d551644610ffa349a89255
  React-RCTText: 91a0d0ae5434aa28fe0c89c03eb9d660ff53bd9b
  React-RCTVibration: 0630aeb11e22f87c180ca9c0c3a0a0aba780cc62
  ReactCommon: d22162ab8f1358c53dfcd0f9c4d82d38facdbc48
  rn-fetch-blob: 2509def10b0fd8ff10e22da284264be34b2231f6
  RNAudio: cae2991f2dccb75163f260b60da8051717b959fa
  RNFastImage: 9b0c22643872bb7494c8d87bbbb66cc4c0d9e7a2
  RNGestureHandler: 946a7691e41df61e2c4b1884deab41a4cdc3afff
  RNReanimated: 1b52415c4302f198cb581282a0166690bad62c43
  RNScreens: f28b48b8345f2f5f39ed6195518291515032a788
  SDWebImage: 86589f0d47a7de15827640c71813e23fd428965c
  SDWebImageWebPCoder: 947093edd1349d820c40afbd9f42acb6cdecd987
  UMBarCodeScannerInterface: d5a6fdc98ed6241225b0a8432a7f4e2b397668bc
  UMCameraInterface: 68870a3197fee85bd5afca5609ba4a5b7257d19d
  UMConstantsInterface: d25b8e8887ca7aaf568c06caf08f4d40734ee4ef
  UMCore: 402cee150324974974f5c32b5404d8af65e4cff5
  UMFaceDetectorInterface: 7b4f1a92f0c726b58b086296048efe193b570678
  UMFileSystemInterface: aadb9a67aa6470d7ebc06cf04dc54fee6781ac48
  UMFontInterface: 2d3c128285086bbed3d2a650f1d698323ef3b25a
  UMImageLoaderInterface: 2829a7571a12d2e754c73c55ffe7e327d8402c7d
  UMPermissionsInterface: b6a6e96db0f4011a25aaca14e6022529dd3d6e4e
  UMReactNativeAdapter: e93109c6de5ea830d4a78d08f3a65b8d33a143a3
  UMSensorsInterface: cf59dd7602764a2419e00167429be3e4be39c61d
  UMTaskManagerInterface: 1e70fe58b872355f0ecb44fb81bb1a16484047f0
  Yoga: 9db9ff2025ad21d1ac0a8b3c85d5ac4e7c29d525
  YogaKit: f782866e155069a2cca2517aafea43200b01fd5a

PODFILE CHECKSUM: a0251713a6e55fde41755b084a0cad49120a8f1f

COCOAPODS: 1.8.4
